
Microsoft Visual Studio Solution File, Format Version 12.00
# Visual Studio Version 16
VisualStudioVersion = 16.0.31729.503
MinimumVisualStudioVersion = 10.0.40219.1
Project("{FAE04EC0-301F-11D3-BF4B-00C04F79EFBC}") = "ProjetoCal", "ProjetoCal\ProjetoCal.csproj", "{436E2783-61E8-4C98-865B-7AAB7A041477}"
EndProject
Global
	GlobalSection(SolutionConfigurationPlatforms) = preSolution
		Debug|Any CPU = Debug|Any CPU
		Release|Any CPU = Release|Any CPU
	EndGlobalSection
	GlobalSection(ProjectConfigurationPlatforms) = postSolution
		{436E2783-61E8-4C98-865B-7AAB7A041477}.Debug|Any CPU.ActiveCfg = Debug|Any CPU
		{436E2783-61E8-4C98-865B-7AAB7A041477}.Debug|Any CPU.Build.0 = Debug|Any CPU
		{436E2783-61E8-4C98-865B-7AAB7A041477}.Release|Any CPU.ActiveCfg = Release|Any CPU
		{436E2783-61E8-4C98-865B-7AAB7A041477}.Release|Any CPU.Build.0 = Release|Any CPU
	EndGlobalSection
	GlobalSection(SolutionProperties) = preSolution
		HideSolutionNode = FALSE
	EndGlobalSection
	GlobalSection(ExtensibilityGlobals) = postSolution
		SolutionGuid = {84A9FADF-992A-4E43-B5D1-441BCBEECB93}
	EndGlobalSection
EndGlobal
